# This file was autogenerated by Stack.
# You should not edit this file by hand.
# For more information, please see the documentation at:
#   https://docs.haskellstack.org/en/stable/lock_files

packages:
- completed:
    subdir: .
    cabal-file:
      size: 3025
      sha256: 95202df238f28146fb84ee8e110d2f47018ef9f1668ba8ccbbf4639f1ab892e5
    name: kontiki
    version: 0.0.0.0
    git: /Users/arnaud/projects/kontiki
    pantry-tree:
      size: 2243
      sha256: 16e1ee6f709ce3250e12306df44076beae9cbd96e4dbe4cf61f0907fdbaa30f4
    commit: cfb92156c278780935b7216e437010bcba39fc9d
  original:
    subdir: .
    git: /Users/arnaud/projects/kontiki
    commit: cfb92156c278780935b7216e437010bcba39fc9d
- completed:
    subdir: ring-buffer
    cabal-file:
      size: 1092
      sha256: 52c9b8385a200c9114b49caaf36c1a494ca2400aa46ffb53a79e205ec415cc03
    name: ring-buffer
    version: 0.1.0.0
    git: /Users/arnaud/projects/kontiki
    pantry-tree:
      size: 491
      sha256: b14912aabef6ec7d59c5f0e835331b873c37ee9b498cb951dde7964076d350f6
    commit: cfb92156c278780935b7216e437010bcba39fc9d
  original:
    subdir: ring-buffer
    git: /Users/arnaud/projects/kontiki
    commit: cfb92156c278780935b7216e437010bcba39fc9d
snapshots:
- completed:
    size: 524164
    url: https://raw.githubusercontent.com/commercialhaskell/stackage-snapshots/master/lts/14/22.yaml
    sha256: 7ad8f33179b32d204165a3a662c6269464a47a7e65a30abc38d01b5a38ec42c0
  original: lts-14.22
